
Microsoft Visual Studio Solution File, Format Version 12.00
# Visual Studio Version 17
VisualStudioVersion = 17.0.31903.59
MinimumVisualStudioVersion = 10.0.40219.1
Project("{FAE04EC0-301F-11D3-BF4B-00C04F79EFBC}") = "ToDoService", "ToDoService\ToDoService.csproj", "{B5234C91-C7E1-4942-8E24-AD2644CC0D4E}"
EndProject
Project("{FAE04EC0-301F-11D3-BF4B-00C04F79EFBC}") = "ToDoService.Tests", "ToDoService.Tests\ToDoService.Tests.csproj", "{CBA7738B-D496-4320-8395-16DC7FAA9112}"
EndProject
Global
	GlobalSection(SolutionConfigurationPlatforms) = preSolution
		Debug|Any CPU = Debug|Any CPU
		Debug|x64 = Debug|x64
		Debug|x86 = Debug|x86
		Release|Any CPU = Release|Any CPU
		Release|x64 = Release|x64
		Release|x86 = Release|x86
	EndGlobalSection
	GlobalSection(ProjectConfigurationPlatforms) = postSolution
		{B5234C91-C7E1-4942-8E24-AD2644CC0D4E}.Debug|Any CPU.ActiveCfg = Debug|Any CPU
		{B5234C91-C7E1-4942-8E24-AD2644CC0D4E}.Debug|Any CPU.Build.0 = Debug|Any CPU
		{B5234C91-C7E1-4942-8E24-AD2644CC0D4E}.Debug|x64.ActiveCfg = Debug|Any CPU
		{B5234C91-C7E1-4942-8E24-AD2644CC0D4E}.Debug|x64.Build.0 = Debug|Any CPU
		{B5234C91-C7E1-4942-8E24-AD2644CC0D4E}.Debug|x86.ActiveCfg = Debug|Any CPU
		{B5234C91-C7E1-4942-8E24-AD2644CC0D4E}.Debug|x86.Build.0 = Debug|Any CPU
		{B5234C91-C7E1-4942-8E24-AD2644CC0D4E}.Release|Any CPU.ActiveCfg = Release|Any CPU
		{B5234C91-C7E1-4942-8E24-AD2644CC0D4E}.Release|Any CPU.Build.0 = Release|Any CPU
		{B5234C91-C7E1-4942-8E24-AD2644CC0D4E}.Release|x64.ActiveCfg = Release|Any CPU
		{B5234C91-C7E1-4942-8E24-AD2644CC0D4E}.Release|x64.Build.0 = Release|Any CPU
		{B5234C91-C7E1-4942-8E24-AD2644CC0D4E}.Release|x86.ActiveCfg = Release|Any CPU
		{B5234C91-C7E1-4942-8E24-AD2644CC0D4E}.Release|x86.Build.0 = Release|Any CPU
		{CBA7738B-D496-4320-8395-16DC7FAA9112}.Debug|Any CPU.ActiveCfg = Debug|Any CPU
		{CBA7738B-D496-4320-8395-16DC7FAA9112}.Debug|Any CPU.Build.0 = Debug|Any CPU
		{CBA7738B-D496-4320-8395-16DC7FAA9112}.Debug|x64.ActiveCfg = Debug|Any CPU
		{CBA7738B-D496-4320-8395-16DC7FAA9112}.Debug|x64.Build.0 = Debug|Any CPU
		{CBA7738B-D496-4320-8395-16DC7FAA9112}.Debug|x86.ActiveCfg = Debug|Any CPU
		{CBA7738B-D496-4320-8395-16DC7FAA9112}.Debug|x86.Build.0 = Debug|Any CPU
		{CBA7738B-D496-4320-8395-16DC7FAA9112}.Release|Any CPU.ActiveCfg = Release|Any CPU
		{CBA7738B-D496-4320-8395-16DC7FAA9112}.Release|Any CPU.Build.0 = Release|Any CPU
		{CBA7738B-D496-4320-8395-16DC7FAA9112}.Release|x64.ActiveCfg = Release|Any CPU
		{CBA7738B-D496-4320-8395-16DC7FAA9112}.Release|x64.Build.0 = Release|Any CPU
		{CBA7738B-D496-4320-8395-16DC7FAA9112}.Release|x86.ActiveCfg = Release|Any CPU
		{CBA7738B-D496-4320-8395-16DC7FAA9112}.Release|x86.Build.0 = Release|Any CPU
	EndGlobalSection
	GlobalSection(SolutionProperties) = preSolution
		HideSolutionNode = FALSE
	EndGlobalSection
EndGlobal
